
Microsoft Visual Studio Solution File, Format Version 12.00
# Visual Studio Version 17
VisualStudioVersion = 17.0.32126.317
MinimumVisualStudioVersion = 10.0.40219.1
Project("{FAE04EC0-301F-11D3-BF4B-00C04F79EFBC}") = "diffi_helman", "diffi_helman.csproj", "{F5A1FB71-DE8B-4BFA-86AA-7DDD6479CDD5}"
EndProject
Global
	GlobalSection(SolutionConfigurationPlatforms) = preSolution
		Debug|Any CPU = Debug|Any CPU
		Release|Any CPU = Release|Any CPU
	EndGlobalSection
	GlobalSection(ProjectConfigurationPlatforms) = postSolution
		{F5A1FB71-DE8B-4BFA-86AA-7DDD6479CDD5}.Debug|Any CPU.ActiveCfg = Debug|Any CPU
		{F5A1FB71-DE8B-4BFA-86AA-7DDD6479CDD5}.Debug|Any CPU.Build.0 = Debug|Any CPU
		{F5A1FB71-DE8B-4BFA-86AA-7DDD6479CDD5}.Release|Any CPU.ActiveCfg = Release|Any CPU
		{F5A1FB71-DE8B-4BFA-86AA-7DDD6479CDD5}.Release|Any CPU.Build.0 = Release|Any CPU
	EndGlobalSection
	GlobalSection(SolutionProperties) = preSolution
		HideSolutionNode = FALSE
	EndGlobalSection
	GlobalSection(ExtensibilityGlobals) = postSolution
		SolutionGuid = {78C85628-E527-442A-953A-1DBE7DAEB212}
	EndGlobalSection
EndGlobal
